
Microsoft Visual Studio Solution File, Format Version 12.00
# Visual Studio Version 16
VisualStudioVersion = 16.0.31727.386
MinimumVisualStudioVersion = 10.0.40219.1
Project("{FAE04EC0-301F-11D3-BF4B-00C04F79EFBC}") = "Biblioteca de classes", "Biblioteca de classes.csproj", "{48D2652D-6C5F-4C7F-8705-EAA583B2DF61}"
EndProject
Project("{FAE04EC0-301F-11D3-BF4B-00C04F79EFBC}") = "PersistenceProject", "..\PersistenceProject\PersistenceProject.csproj", "{0BDE82E5-BFB4-42B0-AB58-8EAD262802AA}"
EndProject
Global
	GlobalSection(SolutionConfigurationPlatforms) = preSolution
		Debug|Any CPU = Debug|Any CPU
		Release|Any CPU = Release|Any CPU
	EndGlobalSection
	GlobalSection(ProjectConfigurationPlatforms) = postSolution
		{48D2652D-6C5F-4C7F-8705-EAA583B2DF61}.Debug|Any CPU.ActiveCfg = Debug|Any CPU
		{48D2652D-6C5F-4C7F-8705-EAA583B2DF61}.Debug|Any CPU.Build.0 = Debug|Any CPU
		{48D2652D-6C5F-4C7F-8705-EAA583B2DF61}.Release|Any CPU.ActiveCfg = Release|Any CPU
		{48D2652D-6C5F-4C7F-8705-EAA583B2DF61}.Release|Any CPU.Build.0 = Release|Any CPU
		{0BDE82E5-BFB4-42B0-AB58-8EAD262802AA}.Debug|Any CPU.ActiveCfg = Debug|Any CPU
		{0BDE82E5-BFB4-42B0-AB58-8EAD262802AA}.Debug|Any CPU.Build.0 = Debug|Any CPU
		{0BDE82E5-BFB4-42B0-AB58-8EAD262802AA}.Release|Any CPU.ActiveCfg = Release|Any CPU
		{0BDE82E5-BFB4-42B0-AB58-8EAD262802AA}.Release|Any CPU.Build.0 = Release|Any CPU
	EndGlobalSection
	GlobalSection(SolutionProperties) = preSolution
		HideSolutionNode = FALSE
	EndGlobalSection
	GlobalSection(ExtensibilityGlobals) = postSolution
		SolutionGuid = {328FCA4D-AE65-43D5-A8CA-EF8815CC2E98}
	EndGlobalSection
EndGlobal
