
Microsoft Visual Studio Solution File, Format Version 12.00
# Visual Studio Version 16
VisualStudioVersion = 16.0.33328.57
MinimumVisualStudioVersion = 10.0.40219.1
Project("{FAE04EC0-301F-11D3-BF4B-00C04F79EFBC}") = "gastoRestaurante", "gastoRestaurante.csproj", "{54C36440-27E8-423B-971A-1CB6D1AF30DD}"
EndProject
Global
	GlobalSection(SolutionConfigurationPlatforms) = preSolution
		Debug|Any CPU = Debug|Any CPU
		Release|Any CPU = Release|Any CPU
	EndGlobalSection
	GlobalSection(ProjectConfigurationPlatforms) = postSolution
		{54C36440-27E8-423B-971A-1CB6D1AF30DD}.Debug|Any CPU.ActiveCfg = Debug|Any CPU
		{54C36440-27E8-423B-971A-1CB6D1AF30DD}.Debug|Any CPU.Build.0 = Debug|Any CPU
		{54C36440-27E8-423B-971A-1CB6D1AF30DD}.Release|Any CPU.ActiveCfg = Release|Any CPU
		{54C36440-27E8-423B-971A-1CB6D1AF30DD}.Release|Any CPU.Build.0 = Release|Any CPU
	EndGlobalSection
	GlobalSection(SolutionProperties) = preSolution
		HideSolutionNode = FALSE
	EndGlobalSection
	GlobalSection(ExtensibilityGlobals) = postSolution
		SolutionGuid = {61667B27-F761-4726-B551-093406D54703}
	EndGlobalSection
EndGlobal
