
Microsoft Visual Studio Solution File, Format Version 12.00
# Visual Studio Version 16
VisualStudioVersion = 16.0.33328.57
MinimumVisualStudioVersion = 10.0.40219.1
Project("{FAE04EC0-301F-11D3-BF4B-00C04F79EFBC}") = "PesoIdeal", "PesoIdeal.csproj", "{3B69A982-CF94-4F97-81EE-EA6884DF4891}"
EndProject
Global
	GlobalSection(SolutionConfigurationPlatforms) = preSolution
		Debug|Any CPU = Debug|Any CPU
		Release|Any CPU = Release|Any CPU
	EndGlobalSection
	GlobalSection(ProjectConfigurationPlatforms) = postSolution
		{3B69A982-CF94-4F97-81EE-EA6884DF4891}.Debug|Any CPU.ActiveCfg = Debug|Any CPU
		{3B69A982-CF94-4F97-81EE-EA6884DF4891}.Debug|Any CPU.Build.0 = Debug|Any CPU
		{3B69A982-CF94-4F97-81EE-EA6884DF4891}.Release|Any CPU.ActiveCfg = Release|Any CPU
		{3B69A982-CF94-4F97-81EE-EA6884DF4891}.Release|Any CPU.Build.0 = Release|Any CPU
	EndGlobalSection
	GlobalSection(SolutionProperties) = preSolution
		HideSolutionNode = FALSE
	EndGlobalSection
	GlobalSection(ExtensibilityGlobals) = postSolution
		SolutionGuid = {DEB23F92-15B5-48F4-AC78-F9B8D4F5412C}
	EndGlobalSection
EndGlobal
